// !$*UTF8*$!
{
	archiveVersion = 1;
	classes = {
	};
	objectVersion = 50;
	objects = {

/* Begin PBXBuildFile section */
		C13241A8244085F400E2B07F /* AppDelegate.swift in Sources */ = {isa = PBXBuildFile; fileRef = C13241A7244085F400E2B07F /* AppDelegate.swift */; };
		C13241AC244085F400E2B07F /* ViewController.swift in Sources */ = {isa = PBXBuildFile; fileRef = C13241AB244085F400E2B07F /* ViewController.swift */; };
		C13241AF244085F400E2B07F /* Main.storyboard in Resources */ = {isa = PBXBuildFile; fileRef = C13241AD244085F400E2B07F /* Main.storyboard */; };
		C13241B1244085F600E2B07F /* Assets.xcassets in Resources */ = {isa = PBXBuildFile; fileRef = C13241B0244085F600E2B07F /* Assets.xcassets */; };
		C13241B4244085F600E2B07F /* LaunchScreen.storyboard in Resources */ = {isa = PBXBuildFile; fileRef = C13241B2244085F600E2B07F /* LaunchScreen.storyboard */; };
		C13241C62440885E00E2B07F /* ServiceChat.framework in Frameworks */ = {isa = PBXBuildFile; fileRef = C13241BB2440861D00E2B07F /* ServiceChat.framework */; };
		C13241C72440885E00E2B07F /* ServiceChat.framework in Embed Frameworks */ = {isa = PBXBuildFile; fileRef = C13241BB2440861D00E2B07F /* ServiceChat.framework */; settings = {ATTRIBUTES = (CodeSignOnCopy, RemoveHeadersOnCopy, ); }; };
		C13241C92440885F00E2B07F /* ServiceCore.framework in Frameworks */ = {isa = PBXBuildFile; fileRef = C13241BC2440861D00E2B07F /* ServiceCore.framework */; };
		C13241CA2440885F00E2B07F /* ServiceCore.framework in Embed Frameworks */ = {isa = PBXBuildFile; fileRef = C13241BC2440861D00E2B07F /* ServiceCore.framework */; settings = {ATTRIBUTES = (CodeSignOnCopy, RemoveHeadersOnCopy, ); }; };
/* End PBXBuildFile section */

/* Begin PBXCopyFilesBuildPhase section */
		C13241C82440885E00E2B07F /* Embed Frameworks */ = {
			isa = PBXCopyFilesBuildPhase;
			buildActionMask = 2147483647;
			dstPath = "";
			dstSubfolderSpec = 10;
			files = (
				C13241C72440885E00E2B07F /* ServiceChat.framework in Embed Frameworks */,
				C13241CA2440885F00E2B07F /* ServiceCore.framework in Embed Frameworks */,
			);
			name = "Embed Frameworks";
			runOnlyForDeploymentPostprocessing = 0;
		};
/* End PBXCopyFilesBuildPhase section */

/* Begin PBXFileReference section */
		C13241A4244085F400E2B07F /* SalesforceChatApp.app */ = {isa = PBXFileReference; explicitFileType = wrapper.application; includeInIndex = 0; path = SalesforceChatApp.app; sourceTree = BUILT_PRODUCTS_DIR; };
		C13241A7244085F400E2B07F /* AppDelegate.swift */ = {isa = PBXFileReference; lastKnownFileType = sourcecode.swift; path = AppDelegate.swift; sourceTree = "<group>"; };
		C13241AB244085F400E2B07F /* ViewController.swift */ = {isa = PBXFileReference; lastKnownFileType = sourcecode.swift; path = ViewController.swift; sourceTree = "<group>"; };
		C13241AE244085F400E2B07F /* Base */ = {isa = PBXFileReference; lastKnownFileType = file.storyboard; name = Base; path = Base.lproj/Main.storyboard; sourceTree = "<group>"; };
		C13241B0244085F600E2B07F /* Assets.xcassets */ = {isa = PBXFileReference; lastKnownFileType = folder.assetcatalog; path = Assets.xcassets; sourceTree = "<group>"; };
		C13241B3244085F600E2B07F /* Base */ = {isa = PBXFileReference; lastKnownFileType = file.storyboard; name = Base; path = Base.lproj/LaunchScreen.storyboard; sourceTree = "<group>"; };
		C13241B5244085F600E2B07F /* Info.plist */ = {isa = PBXFileReference; lastKnownFileType = text.plist.xml; path = Info.plist; sourceTree = "<group>"; };
		C13241BB2440861D00E2B07F /* ServiceChat.framework */ = {isa = PBXFileReference; lastKnownFileType = wrapper.framework; path = ServiceChat.framework; sourceTree = "<group>"; };
		C13241BC2440861D00E2B07F /* ServiceCore.framework */ = {isa = PBXFileReference; lastKnownFileType = wrapper.framework; path = ServiceCore.framework; sourceTree = "<group>"; };
		C13241D324408A0A00E2B07F /* en */ = {isa = PBXFileReference; lastKnownFileType = text.plist.strings; name = en; path = en.lproj/Main.strings; sourceTree = "<group>"; };
/* End PBXFileReference section */

/* Begin PBXFrameworksBuildPhase section */
		C13241A1244085F400E2B07F /* Frameworks */ = {
			isa = PBXFrameworksBuildPhase;
			buildActionMask = 2147483647;
			files = (
				C13241C62440885E00E2B07F /* ServiceChat.framework in Frameworks */,
				C13241C92440885F00E2B07F /* ServiceCore.framework in Frameworks */,
			);
			runOnlyForDeploymentPostprocessing = 0;
		};
/* End PBXFrameworksBuildPhase section */

/* Begin PBXGroup section */
		C132419B244085F400E2B07F = {
			isa = PBXGroup;
			children = (
				C13241A6244085F400E2B07F /* SalesforceChatApp */,
				C13241A5244085F400E2B07F /* Products */,
			);
			sourceTree = "<group>";
		};
		C13241A5244085F400E2B07F /* Products */ = {
			isa = PBXGroup;
			children = (
				C13241A4244085F400E2B07F /* SalesforceChatApp.app */,
			);
			name = Products;
			sourceTree = "<group>";
		};
		C13241A6244085F400E2B07F /* SalesforceChatApp */ = {
			isa = PBXGroup;
			children = (
				C13241A7244085F400E2B07F /* AppDelegate.swift */,
				C13241AB244085F400E2B07F /* ViewController.swift */,
				C13241BB2440861D00E2B07F /* ServiceChat.framework */,
				C13241BC2440861D00E2B07F /* ServiceCore.framework */,
				C13241AD244085F400E2B07F /* Main.storyboard */,
				C13241B0244085F600E2B07F /* Assets.xcassets */,
				C13241B2244085F600E2B07F /* LaunchScreen.storyboard */,
				C13241B5244085F600E2B07F /* Info.plist */,
			);
			path = SalesforceChatApp;
			sourceTree = "<group>";
		};
/* End PBXGroup section */

/* Begin PBXNativeTarget section */
		C13241A3244085F400E2B07F /* SalesforceChatApp */ = {
			isa = PBXNativeTarget;
			buildConfigurationList = C13241B8244085F600E2B07F /* Build configuration list for PBXNativeTarget "SalesforceChatApp" */;
			buildPhases = (
				C13241A0244085F400E2B07F /* Sources */,
				C13241A1244085F400E2B07F /* Frameworks */,
				C13241A2244085F400E2B07F /* Resources */,
				C13241C82440885E00E2B07F /* Embed Frameworks */,
			);
			buildRules = (
			);
			dependencies = (
			);
			name = SalesforceChatApp;
			productName = SalesforceChatApp;
			productReference = C13241A4244085F400E2B07F /* SalesforceChatApp.app */;
			productType = "com.apple.product-type.application";
		};
/* End PBXNativeTarget section */

/* Begin PBXProject section */
		C132419C244085F400E2B07F /* Project object */ = {
			isa = PBXProject;
			attributes = {
				LastSwiftUpdateCheck = 1140;
				LastUpgradeCheck = 1140;
				ORGANIZATIONNAME = "Bartosz Olszanowski";
				TargetAttributes = {
					C13241A3244085F400E2B07F = {
						CreatedOnToolsVersion = 11.4;
					};
				};
			};
			buildConfigurationList = C132419F244085F400E2B07F /* Build configuration list for PBXProject "SalesforceChatApp" */;
			compatibilityVersion = "Xcode 9.3";
			developmentRegion = en;
			hasScannedForEncodings = 0;
			knownRegions = (
				en,
				Base,
			);
			mainGroup = C132419B244085F400E2B07F;
			productRefGroup = C13241A5244085F400E2B07F /* Products */;
			projectDirPath = "";
			projectRoot = "";
			targets = (
				C13241A3244085F400E2B07F /* SalesforceChatApp */,
			);
		};
/* End PBXProject section */

/* Begin PBXResourcesBuildPhase section */
		C13241A2244085F400E2B07F /* Resources */ = {
			isa = PBXResourcesBuildPhase;
			buildActionMask = 2147483647;
			files = (
				C13241B4244085F600E2B07F /* LaunchScreen.storyboard in Resources */,
				C13241B1244085F600E2B07F /* Assets.xcassets in Resources */,
				C13241AF244085F400E2B07F /* Main.storyboard in Resources */,
			);
			runOnlyForDeploymentPostprocessing = 0;
		};
/* End PBXResourcesBuildPhase section */

/* Begin PBXSourcesBuildPhase section */
		C13241A0244085F400E2B07F /* Sources */ = {
			isa = PBXSourcesBuildPhase;
			buildActionMask = 2147483647;
			files = (
				C13241AC244085F400E2B07F /* ViewController.swift in Sources */,
				C13241A8244085F400E2B07F /* AppDelegate.swift in Sources */,
			);
			runOnlyForDeploymentPostprocessing = 0;
		};
/* End PBXSourcesBuildPhase section */

/* Begin PBXVariantGroup section */
		C13241AD244085F400E2B07F /* Main.storyboard */ = {
			isa = PBXVariantGroup;
			children = (
				C13241AE244085F400E2B07F /* Base */,
				C13241D324408A0A00E2B07F /* en */,
			);
			name = Main.storyboard;
			sourceTree = "<group>";
		};
		C13241B2244085F600E2B07F /* LaunchScreen.storyboard */ = {
			isa = PBXVariantGroup;
			children = (
				C13241B3244085F600E2B07F /* Base */,
			);
			name = LaunchScreen.storyboard;
			sourceTree = "<group>";
		};
/* End PBXVariantGroup section */

/* Begin XCBuildConfiguration section */
		C13241B6244085F600E2B07F /* Debug */ = {
			isa = XCBuildConfiguration;
			buildSettings = {
				ALWAYS_SEARCH_USER_PATHS = NO;
				CLANG_ANALYZER_NONNULL = YES;
				CLANG_ANALYZER_NUMBER_OBJECT_CONVERSION = YES_AGGRESSIVE;
				CLANG_CXX_LANGUAGE_STANDARD = "gnu++14";
				CLANG_CXX_LIBRARY = "libc++";
				CLANG_ENABLE_MODULES = YES;
				CLANG_ENABLE_OBJC_ARC = YES;
				CLANG_ENABLE_OBJC_WEAK = YES;
				CLANG_WARN_BLOCK_CAPTURE_AUTORELEASING = YES;
				CLANG_WARN_BOOL_CONVERSION = YES;
				CLANG_WARN_COMMA = YES;
				CLANG_WARN_CONSTANT_CONVERSION = YES;
				CLANG_WARN_DEPRECATED_OBJC_IMPLEMENTATIONS = YES;
				CLANG_WARN_DIRECT_OBJC_ISA_USAGE = YES_ERROR;
				CLANG_WARN_DOCUMENTATION_COMMENTS = YES;
				CLANG_WARN_EMPTY_BODY = YES;
				CLANG_WARN_ENUM_CONVERSION = YES;
				CLANG_WARN_INFINITE_RECURSION = YES;
				CLANG_WARN_INT_CONVERSION = YES;
				CLANG_WARN_NON_LITERAL_NULL_CONVERSION = YES;
				CLANG_WARN_OBJC_IMPLICIT_RETAIN_SELF = YES;
				CLANG_WARN_OBJC_LITERAL_CONVERSION = YES;
				CLANG_WARN_OBJC_ROOT_CLASS = YES_ERROR;
				CLANG_WARN_RANGE_LOOP_ANALYSIS = YES;
				CLANG_WARN_STRICT_PROTOTYPES = YES;
				CLANG_WARN_SUSPICIOUS_MOVE = YES;
				CLANG_WARN_UNGUARDED_AVAILABILITY = YES_AGGRESSIVE;
				CLANG_WARN_UNREACHABLE_CODE = YES;
				CLANG_WARN__DUPLICATE_METHOD_MATCH = YES;
				COPY_PHASE_STRIP = NO;
				DEBUG_INFORMATION_FORMAT = dwarf;
				ENABLE_STRICT_OBJC_MSGSEND = YES;
				ENABLE_TESTABILITY = YES;
				GCC_C_LANGUAGE_STANDARD = gnu11;
				GCC_DYNAMIC_NO_PIC = NO;
				GCC_NO_COMMON_BLOCKS = YES;
				GCC_OPTIMIZATION_LEVEL = 0;
				GCC_PREPROCESSOR_DEFINITIONS = (
					"DEBUG=1",
					"$(inherited)",
				);
				GCC_WARN_64_TO_32_BIT_CONVERSION = YES;
				GCC_WARN_ABOUT_RETURN_TYPE = YES_ERROR;
				GCC_WARN_UNDECLARED_SELECTOR = YES;
				GCC_WARN_UNINITIALIZED_AUTOS = YES_AGGRESSIVE;
				GCC_WARN_UNUSED_FUNCTION = YES;
				GCC_WARN_UNUSED_VARIABLE = YES;
				IPHONEOS_DEPLOYMENT_TARGET = 13.4;
				MTL_ENABLE_DEBUG_INFO = INCLUDE_SOURCE;
				MTL_FAST_MATH = YES;
				ONLY_ACTIVE_ARCH = YES;
				SDKROOT = iphoneos;
				SWIFT_ACTIVE_COMPILATION_CONDITIONS = DEBUG;
				SWIFT_OPTIMIZATION_LEVEL = "-Onone";
			};
			name = Debug;
		};
		C13241B7244085F600E2B07F /* Release */ = {
			isa = XCBuildConfiguration;
			buildSettings = {
				ALWAYS_SEARCH_USER_PATHS = NO;
				CLANG_ANALYZER_NONNULL = YES;
				CLANG_ANALYZER_NUMBER_OBJECT_CONVERSION = YES_AGGRESSIVE;
				CLANG_CXX_LANGUAGE_STANDARD = "gnu++14";
				CLANG_CXX_LIBRARY = "libc++";
				CLANG_ENABLE_MODULES = YES;
				CLANG_ENABLE_OBJC_ARC = YES;
				CLANG_ENABLE_OBJC_WEAK = YES;
				CLANG_WARN_BLOCK_CAPTURE_AUTORELEASING = YES;
				CLANG_WARN_BOOL_CONVERSION = YES;
				CLANG_WARN_COMMA = YES;
				CLANG_WARN_CONSTANT_CONVERSION = YES;
				CLANG_WARN_DEPRECATED_OBJC_IMPLEMENTATIONS = YES;
				CLANG_WARN_DIRECT_OBJC_ISA_USAGE = YES_ERROR;
				CLANG_WARN_DOCUMENTATION_COMMENTS = YES;
				CLANG_WARN_EMPTY_BODY = YES;
				CLANG_WARN_ENUM_CONVERSION = YES;
				CLANG_WARN_INFINITE_RECURSION = YES;
				CLANG_WARN_INT_CONVERSION = YES;
				CLANG_WARN_NON_LITERAL_NULL_CONVERSION = YES;
				CLANG_WARN_OBJC_IMPLICIT_RETAIN_SELF = YES;
				CLANG_WARN_OBJC_LITERAL_CONVERSION = YES;
				CLANG_WARN_OBJC_ROOT_CLASS = YES_ERROR;
				CLANG_WARN_RANGE_LOOP_ANALYSIS = YES;
				CLANG_WARN_STRICT_PROTOTYPES = YES;
				CLANG_WARN_SUSPICIOUS_MOVE = YES;
				CLANG_WARN_UNGUARDED_AVAILABILITY = YES_AGGRESSIVE;
				CLANG_WARN_UNREACHABLE_CODE = YES;
				CLANG_WARN__DUPLICATE_METHOD_MATCH = YES;
				COPY_PHASE_STRIP = NO;
				DEBUG_INFORMATION_FORMAT = "dwarf-with-dsym";
				ENABLE_NS_ASSERTIONS = NO;
				ENABLE_STRICT_OBJC_MSGSEND = YES;
				GCC_C_LANGUAGE_STANDARD = gnu11;
				GCC_NO_COMMON_BLOCKS = YES;
				GCC_WARN_64_TO_32_BIT_CONVERSION = YES;
				GCC_WARN_ABOUT_RETURN_TYPE = YES_ERROR;
				GCC_WARN_UNDECLARED_SELECTOR = YES;
				GCC_WARN_UNINITIALIZED_AUTOS = YES_AGGRESSIVE;
				GCC_WARN_UNUSED_FUNCTION = YES;
				GCC_WARN_UNUSED_VARIABLE = YES;
				IPHONEOS_DEPLOYMENT_TARGET = 13.4;
				MTL_ENABLE_DEBUG_INFO = NO;
				MTL_FAST_MATH = YES;
				SDKROOT = iphoneos;
				SWIFT_COMPILATION_MODE = wholemodule;
				SWIFT_OPTIMIZATION_LEVEL = "-O";
				VALIDATE_PRODUCT = YES;
			};
			name = Release;
		};
		C13241B9244085F600E2B07F /* Debug */ = {
			isa = XCBuildConfiguration;
			buildSettings = {
				ASSETCATALOG_COMPILER_APPICON_NAME = AppIcon;
				CODE_SIGN_STYLE = Automatic;
				FRAMEWORK_SEARCH_PATHS = (
					"$(inherited)",
					"$(PROJECT_DIR)/SalesforceChatApp",
				);
				INFOPLIST_FILE = SalesforceChatApp/Info.plist;
				LD_RUNPATH_SEARCH_PATHS = (
					"$(inherited)",
					"@executable_path/Frameworks",
				);
				PRODUCT_BUNDLE_IDENTIFIER = com.olbart.SalesforceChatApp;
				PRODUCT_NAME = "$(TARGET_NAME)";
				SWIFT_VERSION = 5.0;
				TARGETED_DEVICE_FAMILY = "1,2";
			};
			name = Debug;
		};
		C13241BA244085F600E2B07F /* Release */ = {
			isa = XCBuildConfiguration;
			buildSettings = {
				ASSETCATALOG_COMPILER_APPICON_NAME = AppIcon;
				CODE_SIGN_STYLE = Automatic;
				FRAMEWORK_SEARCH_PATHS = (
					"$(inherited)",
					"$(PROJECT_DIR)/SalesforceChatApp",
				);
				INFOPLIST_FILE = SalesforceChatApp/Info.plist;
				LD_RUNPATH_SEARCH_PATHS = (
					"$(inherited)",
					"@executable_path/Frameworks",
				);
				PRODUCT_BUNDLE_IDENTIFIER = com.olbart.SalesforceChatApp;
				PRODUCT_NAME = "$(TARGET_NAME)";
				SWIFT_VERSION = 5.0;
				TARGETED_DEVICE_FAMILY = "1,2";
			};
			name = Release;
		};
/* End XCBuildConfiguration section */

/* Begin XCConfigurationList section */
		C132419F244085F400E2B07F /* Build configuration list for PBXProject "SalesforceChatApp" */ = {
			isa = XCConfigurationList;
			buildConfigurations = (
				C13241B6244085F600E2B07F /* Debug */,
				C13241B7244085F600E2B07F /* Release */,
			);
			defaultConfigurationIsVisible = 0;
			defaultConfigurationName = Release;
		};
		C13241B8244085F600E2B07F /* Build configuration list for PBXNativeTarget "SalesforceChatApp" */ = {
			isa = XCConfigurationList;
			buildConfigurations = (
				C13241B9244085F600E2B07F /* Debug */,
				C13241BA244085F600E2B07F /* Release */,
			);
			defaultConfigurationIsVisible = 0;
			defaultConfigurationName = Release;
		};
/* End XCConfigurationList section */
	};
	rootObject = C132419C244085F400E2B07F /* Project object */;
}
